
Microsoft Visual Studio Solution File, Format Version 12.00
# Visual Studio Version 16
VisualStudioVersion = 16.0.31019.35
MinimumVisualStudioVersion = 10.0.40219.1
Project("{FAE04EC0-301F-11D3-BF4B-00C04F79EFBC}") = "DotNetLinux.App", "DotNetLinux.App\DotNetLinux.App.csproj", "{F7FEF70C-2E5B-429D-95D2-FFBFF0F80E69}"
EndProject
Global
	GlobalSection(SolutionConfigurationPlatforms) = preSolution
		Debug|Any CPU = Debug|Any CPU
		Release|Any CPU = Release|Any CPU
	EndGlobalSection
	GlobalSection(ProjectConfigurationPlatforms) = postSolution
		{F7FEF70C-2E5B-429D-95D2-FFBFF0F80E69}.Debug|Any CPU.ActiveCfg = Debug|Any CPU
		{F7FEF70C-2E5B-429D-95D2-FFBFF0F80E69}.Debug|Any CPU.Build.0 = Debug|Any CPU
		{F7FEF70C-2E5B-429D-95D2-FFBFF0F80E69}.Release|Any CPU.ActiveCfg = Release|Any CPU
		{F7FEF70C-2E5B-429D-95D2-FFBFF0F80E69}.Release|Any CPU.Build.0 = Release|Any CPU
	EndGlobalSection
	GlobalSection(SolutionProperties) = preSolution
		HideSolutionNode = FALSE
	EndGlobalSection
	GlobalSection(ExtensibilityGlobals) = postSolution
		SolutionGuid = {EA33AB0A-F6F9-4313-8C14-7E90B118DE04}
	EndGlobalSection
EndGlobal
